
Microsoft Visual Studio Solution File, Format Version 12.00
# Visual Studio Version 17
VisualStudioVersion = 17.1.32228.430
MinimumVisualStudioVersion = 10.0.40219.1
Project("{9A19103F-16F7-4668-BE54-9A1E7A4F7556}") = "MonsterTradingCardsGame", "MonsterTradingCardsGame\MonsterTradingCardsGame.csproj", "{A5719B12-755C-4D7A-874E-B8765529999F}"
EndProject
Project("{FAE04EC0-301F-11D3-BF4B-00C04F79EFBC}") = "MonsterTradingCardsGameTesting", "MonsterTradingCardsGameTesting\MonsterTradingCardsGameTesting.csproj", "{60FF83BF-AE57-42F6-8EF0-00C6E36E657F}"
EndProject
Global
	GlobalSection(SolutionConfigurationPlatforms) = preSolution
		Debug|Any CPU = Debug|Any CPU
		Release|Any CPU = Release|Any CPU
	EndGlobalSection
	GlobalSection(ProjectConfigurationPlatforms) = postSolution
		{A5719B12-755C-4D7A-874E-B8765529999F}.Debug|Any CPU.ActiveCfg = Debug|Any CPU
		{A5719B12-755C-4D7A-874E-B8765529999F}.Debug|Any CPU.Build.0 = Debug|Any CPU
		{A5719B12-755C-4D7A-874E-B8765529999F}.Release|Any CPU.ActiveCfg = Release|Any CPU
		{A5719B12-755C-4D7A-874E-B8765529999F}.Release|Any CPU.Build.0 = Release|Any CPU
		{60FF83BF-AE57-42F6-8EF0-00C6E36E657F}.Debug|Any CPU.ActiveCfg = Debug|Any CPU
		{60FF83BF-AE57-42F6-8EF0-00C6E36E657F}.Debug|Any CPU.Build.0 = Debug|Any CPU
		{60FF83BF-AE57-42F6-8EF0-00C6E36E657F}.Release|Any CPU.ActiveCfg = Release|Any CPU
		{60FF83BF-AE57-42F6-8EF0-00C6E36E657F}.Release|Any CPU.Build.0 = Release|Any CPU
	EndGlobalSection
	GlobalSection(SolutionProperties) = preSolution
		HideSolutionNode = FALSE
	EndGlobalSection
	GlobalSection(ExtensibilityGlobals) = postSolution
		SolutionGuid = {AAB5C908-0C27-4527-A572-2AF9479A8AB9}
	EndGlobalSection
EndGlobal
